
Microsoft Visual Studio Solution File, Format Version 12.00
# Visual Studio Version 16
VisualStudioVersion = 16.0.31129.286
MinimumVisualStudioVersion = 10.0.40219.1
Project("{FAE04EC0-301F-11D3-BF4B-00C04F79EFBC}") = "Incercare1", "Incercare1\Incercare1.csproj", "{0FDEB335-E15D-4639-9D19-5E74DA7ABFCC}"
EndProject
Global
	GlobalSection(SolutionConfigurationPlatforms) = preSolution
		Debug|Any CPU = Debug|Any CPU
		Release|Any CPU = Release|Any CPU
	EndGlobalSection
	GlobalSection(ProjectConfigurationPlatforms) = postSolution
		{0FDEB335-E15D-4639-9D19-5E74DA7ABFCC}.Debug|Any CPU.ActiveCfg = Debug|Any CPU
		{0FDEB335-E15D-4639-9D19-5E74DA7ABFCC}.Debug|Any CPU.Build.0 = Debug|Any CPU
		{0FDEB335-E15D-4639-9D19-5E74DA7ABFCC}.Release|Any CPU.ActiveCfg = Release|Any CPU
		{0FDEB335-E15D-4639-9D19-5E74DA7ABFCC}.Release|Any CPU.Build.0 = Release|Any CPU
	EndGlobalSection
	GlobalSection(SolutionProperties) = preSolution
		HideSolutionNode = FALSE
	EndGlobalSection
	GlobalSection(ExtensibilityGlobals) = postSolution
		SolutionGuid = {C9C19D38-BDBA-48DB-8FB2-5C13F911E06D}
	EndGlobalSection
EndGlobal
